{
    
"name": "backend-development",
    
"lockfileVersion": 2,
    
"requires": true,
    
"packages": {
    
    
"": {
    
    
    
"dependencies": {
    
    
    
    
"camelcase": "^6.3.0",
    
    
    
    
"chalk": "^5.0.1"
    
    
    
}
    
    
},
    
    
"node_modules/camelcase": {
    
    
    
"version": "6.3.0",
    
    
    
"resolved": "https://registry.npmjs.org/camelcase/-/camelcase-6.3.0.tgz",
    
    
    
"integrity": "sha512-Gmy6FhYlCY7uOElZUSbxo2UCDH8owEk996gkbrpsgGtrJLM3J7jGxl9Ic7Qwwj4ivOE5AWZWRMecDdF7hqGjFA==",
    
    
    
"engines": {
    
    
    
    
"node": ">=10"
    
    
    
},
    
    
    
"funding": {
    
    
    
    
"url": "https://github.com/sponsors/sindresorhus"
    
    
    
}
    
    
},
    
    
"node_modules/chalk": {
    
    
    
"version": "5.0.1",
    
    
    
"resolved": "https://registry.npmjs.org/chalk/-/chalk-5.0.1.tgz",
    
    
    
"integrity": "sha512-Fo07WOYGqMfCWHOzSXOt2CxDbC6skS/jO9ynEcmpANMoPrD+W1r1K6Vx7iNm+AQmETU1Xr2t+n8nzkV9t6xh3w==",
    
    
    
"engines": {
    
    
    
    
"node": "^12.17.0 || ^14.13 || >=16.0.0"
    
    
    
},
    
    
    
"funding": {
    
    
    
    
"url": "https://github.com/chalk/chalk?sponsor=1"
    
    
    
}
    
    
}
    
},
    
"dependencies": {
    
    
"camelcase": {
    
    
    
"version": "6.3.0",
    
    
    
"resolved": "https://registry.npmjs.org/camelcase/-/camelcase-6.3.0.tgz",
    
    
    
"integrity": "sha512-Gmy6FhYlCY7uOElZUSbxo2UCDH8owEk996gkbrpsgGtrJLM3J7jGxl9Ic7Qwwj4ivOE5AWZWRMecDdF7hqGjFA=="
    
    
},
    
    
"chalk": {
    
    
    
"version": "5.0.1",
    
    
    
"resolved": "https://registry.npmjs.org/chalk/-/chalk-5.0.1.tgz",
    
    
    
"integrity": "sha512-Fo07WOYGqMfCWHOzSXOt2CxDbC6skS/jO9ynEcmpANMoPrD+W1r1K6Vx7iNm+AQmETU1Xr2t+n8nzkV9t6xh3w=="
    
    
}
    
}
}
